
Microsoft Visual Studio Solution File, Format Version 12.00
# Visual Studio Version 17
VisualStudioVersion = 17.1.32319.34
MinimumVisualStudioVersion = 10.0.40219.1
Project("{9A19103F-16F7-4668-BE54-9A1E7A4F7556}") = "BeaKona.AutoInterfaceGenerator", "BeaKona.AutoInterfaceGenerator\BeaKona.AutoInterfaceGenerator.csproj", "{FF7DF2CF-FA1C-4655-B451-B6FD1E374E3A}"
EndProject
Project("{9A19103F-16F7-4668-BE54-9A1E7A4F7556}") = "AutoInterfaceSample", "AutoInterfaceSample\AutoInterfaceSample.csproj", "{D80AD027-6463-4CBB-91B5-4952AE0204B3}"
EndProject
Project("{9A19103F-16F7-4668-BE54-9A1E7A4F7556}") = "TestInterfaces", "TestInterfaces\TestInterfaces.csproj", "{E271DF85-2B8E-48C4-8EB0-37FBF60A2E15}"
EndProject
Project("{2150E333-8FDC-42A3-9474-1A3956D46DE8}") = "Solution Items", "Solution Items", "{092916F9-1411-4D5E-B385-D434C5F1EF13}"
	ProjectSection(SolutionItems) = preProject
		.editorconfig = .editorconfig
	EndProjectSection
EndProject
Project("{9A19103F-16F7-4668-BE54-9A1E7A4F7556}") = "BeaKona.AutoInterfaceAttributes", "BeaKona.AutoInterfaceAttributes\BeaKona.AutoInterfaceAttributes.csproj", "{8EB5E4A3-F09E-42A8-9846-C000B2D5286C}"
EndProject
Project("{9A19103F-16F7-4668-BE54-9A1E7A4F7556}") = "TestInterfacesNetStandard", "TestInterfacesNetStandard\TestInterfacesNetStandard.csproj", "{FD5316C0-B9E2-48C9-8597-19D241D2CCE4}"
EndProject
Project("{9A19103F-16F7-4668-BE54-9A1E7A4F7556}") = "AutoInterfaceSampleNetStandard", "AutoInterfaceSampleNetStandard\AutoInterfaceSampleNetStandard.csproj", "{FFDE2B7B-1B86-4FFD-800F-0682B5144560}"
EndProject
Global
	GlobalSection(SolutionConfigurationPlatforms) = preSolution
		Debug|Any CPU = Debug|Any CPU
		Release|Any CPU = Release|Any CPU
	EndGlobalSection
	GlobalSection(ProjectConfigurationPlatforms) = postSolution
		{FF7DF2CF-FA1C-4655-B451-B6FD1E374E3A}.Debug|Any CPU.ActiveCfg = Debug|Any CPU
		{FF7DF2CF-FA1C-4655-B451-B6FD1E374E3A}.Debug|Any CPU.Build.0 = Debug|Any CPU
		{FF7DF2CF-FA1C-4655-B451-B6FD1E374E3A}.Release|Any CPU.ActiveCfg = Release|Any CPU
		{FF7DF2CF-FA1C-4655-B451-B6FD1E374E3A}.Release|Any CPU.Build.0 = Release|Any CPU
		{D80AD027-6463-4CBB-91B5-4952AE0204B3}.Debug|Any CPU.ActiveCfg = Debug|Any CPU
		{D80AD027-6463-4CBB-91B5-4952AE0204B3}.Debug|Any CPU.Build.0 = Debug|Any CPU
		{D80AD027-6463-4CBB-91B5-4952AE0204B3}.Release|Any CPU.ActiveCfg = Release|Any CPU
		{E271DF85-2B8E-48C4-8EB0-37FBF60A2E15}.Debug|Any CPU.ActiveCfg = Debug|Any CPU
		{E271DF85-2B8E-48C4-8EB0-37FBF60A2E15}.Debug|Any CPU.Build.0 = Debug|Any CPU
		{E271DF85-2B8E-48C4-8EB0-37FBF60A2E15}.Release|Any CPU.ActiveCfg = Release|Any CPU
		{8EB5E4A3-F09E-42A8-9846-C000B2D5286C}.Debug|Any CPU.ActiveCfg = Debug|Any CPU
		{8EB5E4A3-F09E-42A8-9846-C000B2D5286C}.Debug|Any CPU.Build.0 = Debug|Any CPU
		{8EB5E4A3-F09E-42A8-9846-C000B2D5286C}.Release|Any CPU.ActiveCfg = Release|Any CPU
		{8EB5E4A3-F09E-42A8-9846-C000B2D5286C}.Release|Any CPU.Build.0 = Release|Any CPU
		{FD5316C0-B9E2-48C9-8597-19D241D2CCE4}.Debug|Any CPU.ActiveCfg = Debug|Any CPU
		{FD5316C0-B9E2-48C9-8597-19D241D2CCE4}.Debug|Any CPU.Build.0 = Debug|Any CPU
		{FD5316C0-B9E2-48C9-8597-19D241D2CCE4}.Release|Any CPU.ActiveCfg = Release|Any CPU
		{FFDE2B7B-1B86-4FFD-800F-0682B5144560}.Debug|Any CPU.ActiveCfg = Debug|Any CPU
		{FFDE2B7B-1B86-4FFD-800F-0682B5144560}.Debug|Any CPU.Build.0 = Debug|Any CPU
		{FFDE2B7B-1B86-4FFD-800F-0682B5144560}.Release|Any CPU.ActiveCfg = Release|Any CPU
	EndGlobalSection
	GlobalSection(SolutionProperties) = preSolution
		HideSolutionNode = FALSE
	EndGlobalSection
	GlobalSection(ExtensibilityGlobals) = postSolution
		SolutionGuid = {CA99470D-0969-4A09-81DF-6C7C3D291B34}
	EndGlobalSection
EndGlobal
